
Microsoft Visual Studio Solution File, Format Version 12.00
# Visual Studio Express 14 for Windows Desktop
VisualStudioVersion = 14.0.23107.0
MinimumVisualStudioVersion = 10.0.40219.1
Project("{FAE04EC0-301F-11D3-BF4B-00C04F79EFBC}") = "UNSC_Terminal", "UNSC_Terminal\UNSC_Terminal.csproj", "{6B945806-BB20-4620-94F2-294A035B1733}"
EndProject
Global
	GlobalSection(SolutionConfigurationPlatforms) = preSolution
		Debug|Any CPU = Debug|Any CPU
		Release|Any CPU = Release|Any CPU
	EndGlobalSection
	GlobalSection(ProjectConfigurationPlatforms) = postSolution
		{6B945806-BB20-4620-94F2-294A035B1733}.Debug|Any CPU.ActiveCfg = Debug|Any CPU
		{6B945806-BB20-4620-94F2-294A035B1733}.Debug|Any CPU.Build.0 = Debug|Any CPU
		{6B945806-BB20-4620-94F2-294A035B1733}.Release|Any CPU.ActiveCfg = Release|Any CPU
		{6B945806-BB20-4620-94F2-294A035B1733}.Release|Any CPU.Build.0 = Release|Any CPU
	EndGlobalSection
	GlobalSection(SolutionProperties) = preSolution
		HideSolutionNode = FALSE
	EndGlobalSection
EndGlobal
